
Microsoft Visual Studio Solution File, Format Version 12.00
# Visual Studio Version 17
VisualStudioVersion = 17.6.33815.320
MinimumVisualStudioVersion = 10.0.40219.1
Project("{2150E333-8FDC-42A3-9474-1A3956D46DE8}") = "API", "API", "{B340927A-9737-4388-BCB7-8557A829A1E4}"
EndProject
Project("{2150E333-8FDC-42A3-9474-1A3956D46DE8}") = "Core", "Core", "{BC613DC3-F4B1-4352-968D-7F24160A65F3}"
EndProject
Project("{2150E333-8FDC-42A3-9474-1A3956D46DE8}") = "Utilities", "Utilities", "{A2AFE56C-F0CB-4742-B1EC-F8AEF2D9CA46}"
EndProject
Project("{9A19103F-16F7-4668-BE54-9A1E7A4F7556}") = "StarZero.PublicAPI", "API\StarZero.PublicAPI\StarZero.PublicAPI.csproj", "{FC7CE002-5889-49CE-885A-6E9D66BB0951}"
EndProject
Project("{9A19103F-16F7-4668-BE54-9A1E7A4F7556}") = "StarZero.ViewEntities", "Core\StarZero.ViewEntities\StarZero.ViewEntities.csproj", "{2EACDEED-F6E5-43B1-881B-2C64BF955570}"
EndProject
Project("{9A19103F-16F7-4668-BE54-9A1E7A4F7556}") = "StarZero.Model", "Core\StarZero.Model\StarZero.Model.csproj", "{0D743FBD-0B27-4014-9C8D-A2CC0A373998}"
EndProject
Project("{9A19103F-16F7-4668-BE54-9A1E7A4F7556}") = "StarZero.DBO", "Core\StarZero.DBO\StarZero.DBO.csproj", "{6C0D922F-A261-4B07-93D9-75D2879726EA}"
EndProject
Project("{9A19103F-16F7-4668-BE54-9A1E7A4F7556}") = "StarZero.DataMappers", "Core\StarZero.DataMappers\StarZero.DataMappers.csproj", "{2FFD0604-C74F-4C5F-9352-20064A6CA1A8}"
EndProject
Project("{9A19103F-16F7-4668-BE54-9A1E7A4F7556}") = "StarZero.Contracts", "Core\StarZero.Contracts\StarZero.Contracts.csproj", "{AE602011-4EB1-4B3F-9D63-CF69B44E6B15}"
EndProject
Project("{9A19103F-16F7-4668-BE54-9A1E7A4F7556}") = "StarZero.Attributes", "Utilities\StarZero.Attributes\StarZero.Attributes.csproj", "{CDEFE4D6-8DAE-4B3A-AF4F-FAB41CB60416}"
EndProject
Project("{2150E333-8FDC-42A3-9474-1A3956D46DE8}") = "Library", "Library", "{CEC5D3B6-1435-4CE6-BC50-AF64ED6CD3F1}"
EndProject
Project("{9A19103F-16F7-4668-BE54-9A1E7A4F7556}") = "Invent.CacheService", "Library\Invent.CacheService\Invent.CacheService.csproj", "{7ADE284C-929C-4320-9D5C-8523390CDCF8}"
EndProject
Project("{9A19103F-16F7-4668-BE54-9A1E7A4F7556}") = "Invent.DAL", "Library\Invent.DAL\Invent.DAL.csproj", "{A8D51399-C34E-4928-B58A-59CB781B9CBB}"
EndProject
Project("{9A19103F-16F7-4668-BE54-9A1E7A4F7556}") = "Invent.Helper", "Library\Invent.Helper\Invent.Helper.csproj", "{85DFC84F-DE22-4CB8-A09F-B0C1F06FD0CD}"
EndProject
Project("{9A19103F-16F7-4668-BE54-9A1E7A4F7556}") = "StarZero.Logger", "Utilities\StarZero.Logger\StarZero.Logger.csproj", "{6EC07BF9-05FE-41C5-807F-D0915550EB35}"
EndProject
Project("{2150E333-8FDC-42A3-9474-1A3956D46DE8}") = "Services", "Services", "{F0DF9110-6926-4844-BE4C-2B90BB509E9D}"
EndProject
Project("{9A19103F-16F7-4668-BE54-9A1E7A4F7556}") = "StarZero.NotificationService", "Services\StarZero.NotificationService\StarZero.NotificationService.csproj", "{7DCC9DF3-E0A7-49AD-AA93-4A5E7703ABB6}"
EndProject
Project("{9A19103F-16F7-4668-BE54-9A1E7A4F7556}") = "StarZero.UploadHelper", "Utilities\StarZero.UploadHelper\StarZero.UploadHelper.csproj", "{F02AA9A5-14C4-405F-88D2-5F568C14D491}"
EndProject
Global
	GlobalSection(SolutionConfigurationPlatforms) = preSolution
		Debug|Any CPU = Debug|Any CPU
		Release|Any CPU = Release|Any CPU
	EndGlobalSection
	GlobalSection(ProjectConfigurationPlatforms) = postSolution
		{FC7CE002-5889-49CE-885A-6E9D66BB0951}.Debug|Any CPU.ActiveCfg = Debug|Any CPU
		{FC7CE002-5889-49CE-885A-6E9D66BB0951}.Debug|Any CPU.Build.0 = Debug|Any CPU
		{FC7CE002-5889-49CE-885A-6E9D66BB0951}.Release|Any CPU.ActiveCfg = Release|Any CPU
		{FC7CE002-5889-49CE-885A-6E9D66BB0951}.Release|Any CPU.Build.0 = Release|Any CPU
		{2EACDEED-F6E5-43B1-881B-2C64BF955570}.Debug|Any CPU.ActiveCfg = Debug|Any CPU
		{2EACDEED-F6E5-43B1-881B-2C64BF955570}.Debug|Any CPU.Build.0 = Debug|Any CPU
		{2EACDEED-F6E5-43B1-881B-2C64BF955570}.Release|Any CPU.ActiveCfg = Release|Any CPU
		{2EACDEED-F6E5-43B1-881B-2C64BF955570}.Release|Any CPU.Build.0 = Release|Any CPU
		{0D743FBD-0B27-4014-9C8D-A2CC0A373998}.Debug|Any CPU.ActiveCfg = Debug|Any CPU
		{0D743FBD-0B27-4014-9C8D-A2CC0A373998}.Debug|Any CPU.Build.0 = Debug|Any CPU
		{0D743FBD-0B27-4014-9C8D-A2CC0A373998}.Release|Any CPU.ActiveCfg = Release|Any CPU
		{0D743FBD-0B27-4014-9C8D-A2CC0A373998}.Release|Any CPU.Build.0 = Release|Any CPU
		{6C0D922F-A261-4B07-93D9-75D2879726EA}.Debug|Any CPU.ActiveCfg = Debug|Any CPU
		{6C0D922F-A261-4B07-93D9-75D2879726EA}.Debug|Any CPU.Build.0 = Debug|Any CPU
		{6C0D922F-A261-4B07-93D9-75D2879726EA}.Release|Any CPU.ActiveCfg = Release|Any CPU
		{6C0D922F-A261-4B07-93D9-75D2879726EA}.Release|Any CPU.Build.0 = Release|Any CPU
		{2FFD0604-C74F-4C5F-9352-20064A6CA1A8}.Debug|Any CPU.ActiveCfg = Debug|Any CPU
		{2FFD0604-C74F-4C5F-9352-20064A6CA1A8}.Debug|Any CPU.Build.0 = Debug|Any CPU
		{2FFD0604-C74F-4C5F-9352-20064A6CA1A8}.Release|Any CPU.ActiveCfg = Release|Any CPU
		{2FFD0604-C74F-4C5F-9352-20064A6CA1A8}.Release|Any CPU.Build.0 = Release|Any CPU
		{AE602011-4EB1-4B3F-9D63-CF69B44E6B15}.Debug|Any CPU.ActiveCfg = Debug|Any CPU
		{AE602011-4EB1-4B3F-9D63-CF69B44E6B15}.Debug|Any CPU.Build.0 = Debug|Any CPU
		{AE602011-4EB1-4B3F-9D63-CF69B44E6B15}.Release|Any CPU.ActiveCfg = Release|Any CPU
		{AE602011-4EB1-4B3F-9D63-CF69B44E6B15}.Release|Any CPU.Build.0 = Release|Any CPU
		{CDEFE4D6-8DAE-4B3A-AF4F-FAB41CB60416}.Debug|Any CPU.ActiveCfg = Debug|Any CPU
		{CDEFE4D6-8DAE-4B3A-AF4F-FAB41CB60416}.Debug|Any CPU.Build.0 = Debug|Any CPU
		{CDEFE4D6-8DAE-4B3A-AF4F-FAB41CB60416}.Release|Any CPU.ActiveCfg = Release|Any CPU
		{CDEFE4D6-8DAE-4B3A-AF4F-FAB41CB60416}.Release|Any CPU.Build.0 = Release|Any CPU
		{7ADE284C-929C-4320-9D5C-8523390CDCF8}.Debug|Any CPU.ActiveCfg = Debug|Any CPU
		{7ADE284C-929C-4320-9D5C-8523390CDCF8}.Debug|Any CPU.Build.0 = Debug|Any CPU
		{7ADE284C-929C-4320-9D5C-8523390CDCF8}.Release|Any CPU.ActiveCfg = Release|Any CPU
		{7ADE284C-929C-4320-9D5C-8523390CDCF8}.Release|Any CPU.Build.0 = Release|Any CPU
		{A8D51399-C34E-4928-B58A-59CB781B9CBB}.Debug|Any CPU.ActiveCfg = Debug|Any CPU
		{A8D51399-C34E-4928-B58A-59CB781B9CBB}.Debug|Any CPU.Build.0 = Debug|Any CPU
		{A8D51399-C34E-4928-B58A-59CB781B9CBB}.Release|Any CPU.ActiveCfg = Release|Any CPU
		{A8D51399-C34E-4928-B58A-59CB781B9CBB}.Release|Any CPU.Build.0 = Release|Any CPU
		{85DFC84F-DE22-4CB8-A09F-B0C1F06FD0CD}.Debug|Any CPU.ActiveCfg = Debug|Any CPU
		{85DFC84F-DE22-4CB8-A09F-B0C1F06FD0CD}.Debug|Any CPU.Build.0 = Debug|Any CPU
		{85DFC84F-DE22-4CB8-A09F-B0C1F06FD0CD}.Release|Any CPU.ActiveCfg = Release|Any CPU
		{85DFC84F-DE22-4CB8-A09F-B0C1F06FD0CD}.Release|Any CPU.Build.0 = Release|Any CPU
		{6EC07BF9-05FE-41C5-807F-D0915550EB35}.Debug|Any CPU.ActiveCfg = Debug|Any CPU
		{6EC07BF9-05FE-41C5-807F-D0915550EB35}.Debug|Any CPU.Build.0 = Debug|Any CPU
		{6EC07BF9-05FE-41C5-807F-D0915550EB35}.Release|Any CPU.ActiveCfg = Release|Any CPU
		{6EC07BF9-05FE-41C5-807F-D0915550EB35}.Release|Any CPU.Build.0 = Release|Any CPU
		{7DCC9DF3-E0A7-49AD-AA93-4A5E7703ABB6}.Debug|Any CPU.ActiveCfg = Debug|Any CPU
		{7DCC9DF3-E0A7-49AD-AA93-4A5E7703ABB6}.Debug|Any CPU.Build.0 = Debug|Any CPU
		{7DCC9DF3-E0A7-49AD-AA93-4A5E7703ABB6}.Release|Any CPU.ActiveCfg = Release|Any CPU
		{7DCC9DF3-E0A7-49AD-AA93-4A5E7703ABB6}.Release|Any CPU.Build.0 = Release|Any CPU
		{F02AA9A5-14C4-405F-88D2-5F568C14D491}.Debug|Any CPU.ActiveCfg = Debug|Any CPU
		{F02AA9A5-14C4-405F-88D2-5F568C14D491}.Debug|Any CPU.Build.0 = Debug|Any CPU
		{F02AA9A5-14C4-405F-88D2-5F568C14D491}.Release|Any CPU.ActiveCfg = Release|Any CPU
		{F02AA9A5-14C4-405F-88D2-5F568C14D491}.Release|Any CPU.Build.0 = Release|Any CPU
	EndGlobalSection
	GlobalSection(SolutionProperties) = preSolution
		HideSolutionNode = FALSE
	EndGlobalSection
	GlobalSection(NestedProjects) = preSolution
		{FC7CE002-5889-49CE-885A-6E9D66BB0951} = {B340927A-9737-4388-BCB7-8557A829A1E4}
		{2EACDEED-F6E5-43B1-881B-2C64BF955570} = {BC613DC3-F4B1-4352-968D-7F24160A65F3}
		{0D743FBD-0B27-4014-9C8D-A2CC0A373998} = {BC613DC3-F4B1-4352-968D-7F24160A65F3}
		{6C0D922F-A261-4B07-93D9-75D2879726EA} = {BC613DC3-F4B1-4352-968D-7F24160A65F3}
		{2FFD0604-C74F-4C5F-9352-20064A6CA1A8} = {BC613DC3-F4B1-4352-968D-7F24160A65F3}
		{AE602011-4EB1-4B3F-9D63-CF69B44E6B15} = {BC613DC3-F4B1-4352-968D-7F24160A65F3}
		{CDEFE4D6-8DAE-4B3A-AF4F-FAB41CB60416} = {A2AFE56C-F0CB-4742-B1EC-F8AEF2D9CA46}
		{7ADE284C-929C-4320-9D5C-8523390CDCF8} = {CEC5D3B6-1435-4CE6-BC50-AF64ED6CD3F1}
		{A8D51399-C34E-4928-B58A-59CB781B9CBB} = {CEC5D3B6-1435-4CE6-BC50-AF64ED6CD3F1}
		{85DFC84F-DE22-4CB8-A09F-B0C1F06FD0CD} = {CEC5D3B6-1435-4CE6-BC50-AF64ED6CD3F1}
		{6EC07BF9-05FE-41C5-807F-D0915550EB35} = {A2AFE56C-F0CB-4742-B1EC-F8AEF2D9CA46}
		{7DCC9DF3-E0A7-49AD-AA93-4A5E7703ABB6} = {F0DF9110-6926-4844-BE4C-2B90BB509E9D}
		{F02AA9A5-14C4-405F-88D2-5F568C14D491} = {A2AFE56C-F0CB-4742-B1EC-F8AEF2D9CA46}
	EndGlobalSection
	GlobalSection(ExtensibilityGlobals) = postSolution
		SolutionGuid = {75D59AA6-610E-404A-9D9D-ADE2A0D8CD5F}
	EndGlobalSection
EndGlobal
